astroid==2.8.6
attrs==21.2.0
autopep8==1.5.7
backports.entry-points-selectable==1.1.1
certifi==2021.10.8
cffi==1.15.0
charset-normalizer==2.0.9
click==8.0.3
clickclick==20.10.2
colorama==0.4.4
connexion==2.6.0
coverage==6.2
cryptography==36.0.1
distlib==0.3.4
ecdsa==0.17.0
filelock==3.4.0
Flask==2.0.2
Flask-Cors==3.0.10
Flask-Testing==0.8.0
idna==3.3
inflection==0.5.1
isodate==0.6.1
isort==5.10.1
itsdangerous==2.0.1
Jinja2==3.0.3
jsonschema==3.0.0
lazy-object-proxy==1.7.1
MarkupSafe==2.0.1
mccabe==0.6.1
nose==1.3.7
openapi-schema-validator==0.1.5
openapi-spec-validator==0.3.1
packaging==21.3
peewee==3.14.8
platformdirs==2.4.0
pluggy==1.0.0
py==1.11.0
pyasn1==0.4.8
pycodestyle==2.8.0
pycparser==2.21
pylint==2.11.1
PyMySQL==1.0.2
pyparsing==3.0.6
pyrsistent==0.18.0
python-dateutil==2.6.0
python-jose==3.3.0
PyYAML==6.0
randomize==0.14
requests==2.26.0
rsa==4.8
six==1.16.0
swagger-ui-bundle==0.0.9
toml==0.10.2
tox==3.20.1
typing_extensions==4.0.1
urllib3==1.26.7
virtualenv==20.10.0
waitress==2.0.0
Werkzeug==2.0.2
wrapt==1.13.3
